
Microsoft Visual Studio Solution File, Format Version 12.00
# Visual Studio Version 17
VisualStudioVersion = 17.0.32112.339
MinimumVisualStudioVersion = 10.0.40219.1
Project("{FAE04EC0-301F-11D3-BF4B-00C04F79EFBC}") = "rodovias.Android", "rodovias\rodovias.Android\rodovias.Android.csproj", "{27AF9682-15B7-49CF-9C4B-2ED80CD0996D}"
EndProject
Project("{9A19103F-16F7-4668-BE54-9A1E7A4F7556}") = "rodovias", "rodovias\rodovias\rodovias.csproj", "{26B08E94-38DA-4BB2-B868-1FF767BCEA12}"
EndProject
Global
	GlobalSection(SolutionConfigurationPlatforms) = preSolution
		Debug|Any CPU = Debug|Any CPU
		Release|Any CPU = Release|Any CPU
	EndGlobalSection
	GlobalSection(ProjectConfigurationPlatforms) = postSolution
		{27AF9682-15B7-49CF-9C4B-2ED80CD0996D}.Debug|Any CPU.ActiveCfg = Debug|Any CPU
		{27AF9682-15B7-49CF-9C4B-2ED80CD0996D}.Debug|Any CPU.Build.0 = Debug|Any CPU
		{27AF9682-15B7-49CF-9C4B-2ED80CD0996D}.Debug|Any CPU.Deploy.0 = Debug|Any CPU
		{27AF9682-15B7-49CF-9C4B-2ED80CD0996D}.Release|Any CPU.ActiveCfg = Release|Any CPU
		{27AF9682-15B7-49CF-9C4B-2ED80CD0996D}.Release|Any CPU.Build.0 = Release|Any CPU
		{27AF9682-15B7-49CF-9C4B-2ED80CD0996D}.Release|Any CPU.Deploy.0 = Release|Any CPU
		{26B08E94-38DA-4BB2-B868-1FF767BCEA12}.Debug|Any CPU.ActiveCfg = Debug|Any CPU
		{26B08E94-38DA-4BB2-B868-1FF767BCEA12}.Debug|Any CPU.Build.0 = Debug|Any CPU
		{26B08E94-38DA-4BB2-B868-1FF767BCEA12}.Debug|Any CPU.Deploy.0 = Debug|Any CPU
		{26B08E94-38DA-4BB2-B868-1FF767BCEA12}.Release|Any CPU.ActiveCfg = Release|Any CPU
		{26B08E94-38DA-4BB2-B868-1FF767BCEA12}.Release|Any CPU.Build.0 = Release|Any CPU
		{26B08E94-38DA-4BB2-B868-1FF767BCEA12}.Release|Any CPU.Deploy.0 = Release|Any CPU
	EndGlobalSection
	GlobalSection(SolutionProperties) = preSolution
		HideSolutionNode = FALSE
	EndGlobalSection
	GlobalSection(ExtensibilityGlobals) = postSolution
		SolutionGuid = {314DD32A-A839-4977-A85E-DE8001FA5AA1}
	EndGlobalSection
EndGlobal
